{
  "name": "uni-header",
  "version": "7.0.8",
  "lockfileVersion": 3,
  "requires": true,
  "packages": {
    "": {
      "name": "uni-header",
      "version": "7.0.8",
      "license": "MIT",
      "devDependencies": {
        "@types/vscode": "^1.74.0",
        "@xmldom/xmldom": "^0.8.10"
      },
      "engines": {
        "vscode": "^1.74.0"
      }
    },
    "node_modules/@types/vscode": {
      "version": "1.106.1",
      "resolved": "https://registry.npmjs.org/@types/vscode/-/vscode-1.106.1.tgz",
      "integrity": "sha512-R/HV8u2h8CAddSbX8cjpdd7B8/GnE4UjgjpuGuHcbp1xV6yh4OeqU4L1pKjlwujCrSFS0MOpwJAIs/NexMB1fQ==",
      "dev": true,
      "license": "MIT"
    },
    "node_modules/@xmldom/xmldom": {
      "version": "0.8.11",
      "resolved": "https://registry.npmjs.org/@xmldom/xmldom/-/xmldom-0.8.11.tgz",
      "integrity": "sha512-cQzWCtO6C8TQiYl1ruKNn2U6Ao4o4WBBcbL61yJl84x+j5sOWWFU9X7DpND8XZG3daDppSsigMdfAIl2upQBRw==",
      "dev": true,
      "license": "MIT",
      "engines": {
        "node": ">=10.0.0"
      }
    }
  }
}
